%{"ex_doc": {:git, "git://github.com/elixir-lang/ex_doc.git", "0332a08bbf692864f82c1d8beb002136f341cd70", []},
  "exactor": {:git, "git://github.com/sasa1977/exactor.git", "a79ef3ba65c7e6a5fa4f9a1a9016c95bce3bbdcb", []},
  "excoveralls": {:git, "git://github.com/parroty/excoveralls.git", "915632b2f06f251cb4407b684ab38c2e1fd8c22e", []},
  "exprintf": {:git, "git://github.com/parroty/exprintf.git", "ab5acce111e9f3400f036ff43ef777a652b47347", []},
  "exvcr": {:git, "git://github.com/parroty/exvcr.git", "fc2f626f00984abdb033c77470ba3257e4695b95", []},
  "httpotion": {:git, "git://github.com/myfreeweb/httpotion.git", "467ab1e0e024d7d82423b16e1c4da93b21568ffd", []},
  "ibrowse": {:git, "git://github.com/cmullaparthi/ibrowse.git", "866b0ff5aca229f1ef53653eabc8ed1720c13cd6", [ref: "866b0ff5aca229f1ef53653eabc8ed1720c13cd6"]},
  "jsex": {:git, "git://github.com/talentdeficit/jsex.git", "03ad4ff0967331afd01464857d41e5e497ed198c", []},
  "json": {:git, "git://github.com/cblage/elixir-json.git", "725ea02b992aba35c18d0e9c7c3da54689670baf", []},
  "jsx": {:git, "git://github.com/talentdeficit/jsx.git", "507fa4c41db33c81e925ab53f4d789d234aaff2f", [tag: "v2.0.1"]},
  "meck": {:git, "git://github.com/eproxus/meck.git", "7e4bcc4e178d84eedd253e137315014e6971f8ef", []},
  "mock": {:git, "git://github.com/parroty/mock.git", "c3b1abae5ba40241d1a676175a7693eb0766df62", [branch: "version"]}}
