%{"ex_doc": {:git, "git://github.com/elixir-lang/ex_doc.git", "0332a08bbf692864f82c1d8beb002136f341cd70", []},
  "exactor": {:package, "0.4.0"},
  "excoveralls": {:package, "0.2.1"},
  "exprintf": {:package, "0.1.1"},
  "exvcr": {:git, "git://github.com/parroty/exvcr.git", "1724c7eca6d5eabe84df6ecb65e732051dfc53e6", []},
  "httpotion": {:git, "git://github.com/myfreeweb/httpotion.git", "e482c4fa0016049c7738dec7261b7b3b6659b3cc", []},
  "ibrowse": {:git, "git://github.com/cmullaparthi/ibrowse.git", "866b0ff5aca229f1ef53653eabc8ed1720c13cd6", [ref: "866b0ff5aca229f1ef53653eabc8ed1720c13cd6"]},
  "jsex": {:package, "2.0.0"},
  "json": {:git, "git://github.com/cblage/elixir-json.git", "a50642c957a017fdcff4b06337b211f85bc8f653", []},
  "jsx": {:package, "2.0.3"},
  "meck": {:git, "git://github.com/eproxus/meck.git", "9987eea73dab37ce014dbd4fa715a31cc07d351e", []},
  "mock": {:git, "git://github.com/parroty/mock.git", "c3b1abae5ba40241d1a676175a7693eb0766df62", [branch: "version"]}}
